
Microsoft Visual Studio Solution File, Format Version 12.00
# Visual Studio Version 16
VisualStudioVersion = 16.0.31424.327
MinimumVisualStudioVersion = 10.0.40219.1
Project("{9A19103F-16F7-4668-BE54-9A1E7A4F7556}") = "uText", "uText.csproj", "{96A932BC-33FD-4C3E-AF3F-BC0ECF526821}"
EndProject
Global
	GlobalSection(SolutionConfigurationPlatforms) = preSolution
		Debug|Any CPU = Debug|Any CPU
		Release|Any CPU = Release|Any CPU
	EndGlobalSection
	GlobalSection(ProjectConfigurationPlatforms) = postSolution
		{96A932BC-33FD-4C3E-AF3F-BC0ECF526821}.Debug|Any CPU.ActiveCfg = Debug|Any CPU
		{96A932BC-33FD-4C3E-AF3F-BC0ECF526821}.Debug|Any CPU.Build.0 = Debug|Any CPU
		{96A932BC-33FD-4C3E-AF3F-BC0ECF526821}.Release|Any CPU.ActiveCfg = Release|Any CPU
		{96A932BC-33FD-4C3E-AF3F-BC0ECF526821}.Release|Any CPU.Build.0 = Release|Any CPU
	EndGlobalSection
	GlobalSection(SolutionProperties) = preSolution
		HideSolutionNode = FALSE
	EndGlobalSection
	GlobalSection(ExtensibilityGlobals) = postSolution
		SolutionGuid = {FD47F732-864A-4E35-8201-88456F608C6F}
	EndGlobalSection
EndGlobal
